
Microsoft Visual Studio Solution File, Format Version 12.00
# Visual Studio Version 16
VisualStudioVersion = 16.0.30002.166
MinimumVisualStudioVersion = 10.0.40219.1
Project("{FAE04EC0-301F-11D3-BF4B-00C04F79EFBC}") = "paypal_caller", "paypal_caller\paypal_caller.csproj", "{AD446B88-18B1-479C-9ACD-E2DB05F41CD6}"
EndProject
Global
	GlobalSection(SolutionConfigurationPlatforms) = preSolution
		Debug|Any CPU = Debug|Any CPU
		Release|Any CPU = Release|Any CPU
	EndGlobalSection
	GlobalSection(ProjectConfigurationPlatforms) = postSolution
		{AD446B88-18B1-479C-9ACD-E2DB05F41CD6}.Debug|Any CPU.ActiveCfg = Debug|Any CPU
		{AD446B88-18B1-479C-9ACD-E2DB05F41CD6}.Debug|Any CPU.Build.0 = Debug|Any CPU
		{AD446B88-18B1-479C-9ACD-E2DB05F41CD6}.Release|Any CPU.ActiveCfg = Release|Any CPU
		{AD446B88-18B1-479C-9ACD-E2DB05F41CD6}.Release|Any CPU.Build.0 = Release|Any CPU
	EndGlobalSection
	GlobalSection(SolutionProperties) = preSolution
		HideSolutionNode = FALSE
	EndGlobalSection
	GlobalSection(ExtensibilityGlobals) = postSolution
		SolutionGuid = {E4A31AAB-9537-4B20-922B-5BE9C2A3BFDA}
	EndGlobalSection
EndGlobal
